
Microsoft Visual Studio Solution File, Format Version 12.00
# Visual Studio 15
VisualStudioVersion = 15.0.28307.757
MinimumVisualStudioVersion = 10.0.40219.1
Project("{FAE04EC0-301F-11D3-BF4B-00C04F79EFBC}") = "Server", "Server\Server.csproj", "{D2C76776-5F3D-458C-A4B4-74BF60F7D6A9}"
EndProject
Project("{FAE04EC0-301F-11D3-BF4B-00C04F79EFBC}") = "Game", "Game\Game.csproj", "{98051AEB-2CFB-4A83-9F3F-C2A816A3D325}"
EndProject
Global
	GlobalSection(SolutionConfigurationPlatforms) = preSolution
		Debug|Any CPU = Debug|Any CPU
		Debug|x64 = Debug|x64
		Release|Any CPU = Release|Any CPU
		Release|x64 = Release|x64
	EndGlobalSection
	GlobalSection(ProjectConfigurationPlatforms) = postSolution
		{BE7DF25A-048C-4C2C-B6F0-55E8683773F7}.Debug|Any CPU.ActiveCfg = Debug|Any CPU
		{BE7DF25A-048C-4C2C-B6F0-55E8683773F7}.Debug|Any CPU.Build.0 = Debug|Any CPU
		{BE7DF25A-048C-4C2C-B6F0-55E8683773F7}.Debug|x64.ActiveCfg = Debug|x64
		{BE7DF25A-048C-4C2C-B6F0-55E8683773F7}.Debug|x64.Build.0 = Debug|x64
		{BE7DF25A-048C-4C2C-B6F0-55E8683773F7}.Release|Any CPU.ActiveCfg = Release|Any CPU
		{BE7DF25A-048C-4C2C-B6F0-55E8683773F7}.Release|Any CPU.Build.0 = Release|Any CPU
		{BE7DF25A-048C-4C2C-B6F0-55E8683773F7}.Release|x64.ActiveCfg = Release|x64
		{BE7DF25A-048C-4C2C-B6F0-55E8683773F7}.Release|x64.Build.0 = Release|x64
		{D2C76776-5F3D-458C-A4B4-74BF60F7D6A9}.Debug|Any CPU.ActiveCfg = Debug|Any CPU
		{D2C76776-5F3D-458C-A4B4-74BF60F7D6A9}.Debug|Any CPU.Build.0 = Debug|Any CPU
		{D2C76776-5F3D-458C-A4B4-74BF60F7D6A9}.Debug|x64.ActiveCfg = Debug|Any CPU
		{D2C76776-5F3D-458C-A4B4-74BF60F7D6A9}.Debug|x64.Build.0 = Debug|Any CPU
		{D2C76776-5F3D-458C-A4B4-74BF60F7D6A9}.Release|Any CPU.ActiveCfg = Release|Any CPU
		{D2C76776-5F3D-458C-A4B4-74BF60F7D6A9}.Release|Any CPU.Build.0 = Release|Any CPU
		{D2C76776-5F3D-458C-A4B4-74BF60F7D6A9}.Release|x64.ActiveCfg = Release|Any CPU
		{D2C76776-5F3D-458C-A4B4-74BF60F7D6A9}.Release|x64.Build.0 = Release|Any CPU
		{98051AEB-2CFB-4A83-9F3F-C2A816A3D325}.Debug|Any CPU.ActiveCfg = Debug|Any CPU
		{98051AEB-2CFB-4A83-9F3F-C2A816A3D325}.Debug|Any CPU.Build.0 = Debug|Any CPU
		{98051AEB-2CFB-4A83-9F3F-C2A816A3D325}.Debug|x64.ActiveCfg = Debug|Any CPU
		{98051AEB-2CFB-4A83-9F3F-C2A816A3D325}.Debug|x64.Build.0 = Debug|Any CPU
		{98051AEB-2CFB-4A83-9F3F-C2A816A3D325}.Release|Any CPU.ActiveCfg = Release|Any CPU
		{98051AEB-2CFB-4A83-9F3F-C2A816A3D325}.Release|Any CPU.Build.0 = Release|Any CPU
		{98051AEB-2CFB-4A83-9F3F-C2A816A3D325}.Release|x64.ActiveCfg = Release|Any CPU
		{98051AEB-2CFB-4A83-9F3F-C2A816A3D325}.Release|x64.Build.0 = Release|Any CPU
	EndGlobalSection
	GlobalSection(SolutionProperties) = preSolution
		HideSolutionNode = FALSE
	EndGlobalSection
	GlobalSection(ExtensibilityGlobals) = postSolution
		SolutionGuid = {E377C36F-32B4-479F-8C20-4CC781D91BCC}
	EndGlobalSection
EndGlobal
